
Microsoft Visual Studio Solution File, Format Version 12.00
# Visual Studio Version 17
VisualStudioVersion = 17.1.32421.90
MinimumVisualStudioVersion = 10.0.40219.1
Project("{FAE04EC0-301F-11D3-BF4B-00C04F79EFBC}") = "MicroOndasDigital", "MicroOndasDigital\MicroOndasDigital.csproj", "{485171DD-DD28-4BCA-8DFC-42AE63391E3D}"
EndProject
Global
	GlobalSection(SolutionConfigurationPlatforms) = preSolution
		Debug|Any CPU = Debug|Any CPU
		Release|Any CPU = Release|Any CPU
	EndGlobalSection
	GlobalSection(ProjectConfigurationPlatforms) = postSolution
		{485171DD-DD28-4BCA-8DFC-42AE63391E3D}.Debug|Any CPU.ActiveCfg = Debug|Any CPU
		{485171DD-DD28-4BCA-8DFC-42AE63391E3D}.Debug|Any CPU.Build.0 = Debug|Any CPU
		{485171DD-DD28-4BCA-8DFC-42AE63391E3D}.Release|Any CPU.ActiveCfg = Release|Any CPU
		{485171DD-DD28-4BCA-8DFC-42AE63391E3D}.Release|Any CPU.Build.0 = Release|Any CPU
	EndGlobalSection
	GlobalSection(SolutionProperties) = preSolution
		HideSolutionNode = FALSE
	EndGlobalSection
	GlobalSection(ExtensibilityGlobals) = postSolution
		SolutionGuid = {3022461A-6C05-433F-AF8F-CF1A21303BF1}
	EndGlobalSection
EndGlobal
